
Microsoft Visual Studio Solution File, Format Version 12.00
# Visual Studio Version 17
Project("{8BC9CEB8-8B4A-11D0-8D11-00A0C91BC942}") = "ALL_BUILD", "ALL_BUILD.vcxproj", "{4ED60659-810A-3AA6-8BB7-4827282BE616}"
	ProjectSection(ProjectDependencies) = postProject
		{AD572360-BF59-34A9-BD17-74BE7D6607B9} = {AD572360-BF59-34A9-BD17-74BE7D6607B9}
		{9AB78C39-1DCE-3669-BDD5-F69964DFDB4E} = {9AB78C39-1DCE-3669-BDD5-F69964DFDB4E}
	EndProjectSection
EndProject
Project("{8BC9CEB8-8B4A-11D0-8D11-00A0C91BC942}") = "ZERO_CHECK", "ZERO_CHECK.vcxproj", "{AD572360-BF59-34A9-BD17-74BE7D6607B9}"
	ProjectSection(ProjectDependencies) = postProject
	EndProjectSection
EndProject
Project("{8BC9CEB8-8B4A-11D0-8D11-00A0C91BC942}") = "app", "app.vcxproj", "{9AB78C39-1DCE-3669-BDD5-F69964DFDB4E}"
	ProjectSection(ProjectDependencies) = postProject
		{AD572360-BF59-34A9-BD17-74BE7D6607B9} = {AD572360-BF59-34A9-BD17-74BE7D6607B9}
	EndProjectSection
EndProject
Global
	GlobalSection(SolutionConfigurationPlatforms) = preSolution
		Debug|x64 = Debug|x64
		Release|x64 = Release|x64
		MinSizeRel|x64 = MinSizeRel|x64
		RelWithDebInfo|x64 = RelWithDebInfo|x64
	EndGlobalSection
	GlobalSection(ProjectConfigurationPlatforms) = postSolution
		{4ED60659-810A-3AA6-8BB7-4827282BE616}.Debug|x64.ActiveCfg = Debug|x64
		{4ED60659-810A-3AA6-8BB7-4827282BE616}.Release|x64.ActiveCfg = Release|x64
		{4ED60659-810A-3AA6-8BB7-4827282BE616}.MinSizeRel|x64.ActiveCfg = MinSizeRel|x64
		{4ED60659-810A-3AA6-8BB7-4827282BE616}.RelWithDebInfo|x64.ActiveCfg = RelWithDebInfo|x64
		{AD572360-BF59-34A9-BD17-74BE7D6607B9}.Debug|x64.ActiveCfg = Debug|x64
		{AD572360-BF59-34A9-BD17-74BE7D6607B9}.Debug|x64.Build.0 = Debug|x64
		{AD572360-BF59-34A9-BD17-74BE7D6607B9}.Release|x64.ActiveCfg = Release|x64
		{AD572360-BF59-34A9-BD17-74BE7D6607B9}.Release|x64.Build.0 = Release|x64
		{AD572360-BF59-34A9-BD17-74BE7D6607B9}.MinSizeRel|x64.ActiveCfg = MinSizeRel|x64
		{AD572360-BF59-34A9-BD17-74BE7D6607B9}.MinSizeRel|x64.Build.0 = MinSizeRel|x64
		{AD572360-BF59-34A9-BD17-74BE7D6607B9}.RelWithDebInfo|x64.ActiveCfg = RelWithDebInfo|x64
		{AD572360-BF59-34A9-BD17-74BE7D6607B9}.RelWithDebInfo|x64.Build.0 = RelWithDebInfo|x64
		{9AB78C39-1DCE-3669-BDD5-F69964DFDB4E}.Debug|x64.ActiveCfg = Debug|x64
		{9AB78C39-1DCE-3669-BDD5-F69964DFDB4E}.Debug|x64.Build.0 = Debug|x64
		{9AB78C39-1DCE-3669-BDD5-F69964DFDB4E}.Release|x64.ActiveCfg = Release|x64
		{9AB78C39-1DCE-3669-BDD5-F69964DFDB4E}.Release|x64.Build.0 = Release|x64
		{9AB78C39-1DCE-3669-BDD5-F69964DFDB4E}.MinSizeRel|x64.ActiveCfg = MinSizeRel|x64
		{9AB78C39-1DCE-3669-BDD5-F69964DFDB4E}.MinSizeRel|x64.Build.0 = MinSizeRel|x64
		{9AB78C39-1DCE-3669-BDD5-F69964DFDB4E}.RelWithDebInfo|x64.ActiveCfg = RelWithDebInfo|x64
		{9AB78C39-1DCE-3669-BDD5-F69964DFDB4E}.RelWithDebInfo|x64.Build.0 = RelWithDebInfo|x64
	EndGlobalSection
	GlobalSection(ExtensibilityGlobals) = postSolution
		SolutionGuid = {B24A2ADA-074C-3F00-B5B2-B2ABFF0DB966}
	EndGlobalSection
	GlobalSection(ExtensibilityAddIns) = postSolution
	EndGlobalSection
EndGlobal
