<?xml version="1.0" encoding="utf-8"?>
<Project ToolsVersion="17.0" xmlns="http://schemas.microsoft.com/developer/msbuild/2003">
  <ItemGroup>
    <CustomBuild Include="C:\Users\peter\source\repos\crow\CMakeFiles\a987ee8ff181a7af9a4a011e66c42254\generate.stamp.rule">
      <Filter>CMake Rules</Filter>
    </CustomBuild>
  </ItemGroup>
  <ItemGroup>
    <Filter Include="CMake Rules">
      <UniqueIdentifier>{66135D60-B2EA-3806-AF35-B566C7ADFA89}</UniqueIdentifier>
    </Filter>
  </ItemGroup>
</Project>
